// !$*UTF8*$!
{
	archiveVersion = 1;
	classes = {
	};
	objectVersion = 51;
	objects = {

/* Begin PBXBuildFile section */
		68B0AE87D77DE03242801896 /* Pods_PlayNowAppTests.framework in Frameworks */ = {isa = PBXBuildFile; fileRef = EC360B7C55F7177F2FD53A3A /* Pods_PlayNowAppTests.framework */; };
		73E238DD239D94AB00B13818 /* AppDelegate.swift in Sources */ = {isa = PBXBuildFile; fileRef = 73E238DC239D94AB00B13818 /* AppDelegate.swift */; };
		73E238DF239D94AB00B13818 /* SignInVC.swift in Sources */ = {isa = PBXBuildFile; fileRef = 73E238DE239D94AB00B13818 /* SignInVC.swift */; };
		73E238E2239D94AB00B13818 /* Main.storyboard in Resources */ = {isa = PBXBuildFile; fileRef = 73E238E0239D94AB00B13818 /* Main.storyboard */; };
		73E238E4239D94B000B13818 /* Assets.xcassets in Resources */ = {isa = PBXBuildFile; fileRef = 73E238E3239D94B000B13818 /* Assets.xcassets */; };
		73E238E7239D94B000B13818 /* LaunchScreen.storyboard in Resources */ = {isa = PBXBuildFile; fileRef = 73E238E5239D94B000B13818 /* LaunchScreen.storyboard */; };
		73E238F2239D94B000B13818 /* PlayNowAppTests.swift in Sources */ = {isa = PBXBuildFile; fileRef = 73E238F1239D94B000B13818 /* PlayNowAppTests.swift */; };
		73E238FD239D94B000B13818 /* PlayNowAppUITests.swift in Sources */ = {isa = PBXBuildFile; fileRef = 73E238FC239D94B000B13818 /* PlayNowAppUITests.swift */; };
		73E2390B239D95D100B13818 /* GoogleService-Info.plist in Resources */ = {isa = PBXBuildFile; fileRef = 73E2390A239D95D100B13818 /* GoogleService-Info.plist */; };
		78158139B802DC092B422148 /* Pods_PlayNowApp.framework in Frameworks */ = {isa = PBXBuildFile; fileRef = 0E232A5E4865865431ABD82E /* Pods_PlayNowApp.framework */; };
		B193EB5F978FF9880F71A57E /* Pods_PlayNowApp_PlayNowAppUITests.framework in Frameworks */ = {isa = PBXBuildFile; fileRef = 15976D4AC87AE58EB4349D27 /* Pods_PlayNowApp_PlayNowAppUITests.framework */; };
/* End PBXBuildFile section */

/* Begin PBXContainerItemProxy section */
		73E238EE239D94B000B13818 /* PBXContainerItemProxy */ = {
			isa = PBXContainerItemProxy;
			containerPortal = 73E238D1239D94AB00B13818 /* Project object */;
			proxyType = 1;
			remoteGlobalIDString = 73E238D8239D94AB00B13818;
			remoteInfo = PlayNowApp;
		};
		73E238F9239D94B000B13818 /* PBXContainerItemProxy */ = {
			isa = PBXContainerItemProxy;
			containerPortal = 73E238D1239D94AB00B13818 /* Project object */;
			proxyType = 1;
			remoteGlobalIDString = 73E238D8239D94AB00B13818;
			remoteInfo = PlayNowApp;
		};
/* End PBXContainerItemProxy section */

/* Begin PBXFileReference section */
		0E232A5E4865865431ABD82E /* Pods_PlayNowApp.framework */ = {isa = PBXFileReference; explicitFileType = wrapper.framework; includeInIndex = 0; path = Pods_PlayNowApp.framework; sourceTree = BUILT_PRODUCTS_DIR; };
		15976D4AC87AE58EB4349D27 /* Pods_PlayNowApp_PlayNowAppUITests.framework */ = {isa = PBXFileReference; explicitFileType = wrapper.framework; includeInIndex = 0; path = Pods_PlayNowApp_PlayNowAppUITests.framework; sourceTree = BUILT_PRODUCTS_DIR; };
		68FCCBA18C22FA7F22F1BD02 /* Pods-PlayNowAppTests.debug.xcconfig */ = {isa = PBXFileReference; includeInIndex = 1; lastKnownFileType = text.xcconfig; name = "Pods-PlayNowAppTests.debug.xcconfig"; path = "Target Support Files/Pods-PlayNowAppTests/Pods-PlayNowAppTests.debug.xcconfig"; sourceTree = "<group>"; };
		73E238D9239D94AB00B13818 /* PlayNowApp.app */ = {isa = PBXFileReference; explicitFileType = wrapper.application; includeInIndex = 0; path = PlayNowApp.app; sourceTree = BUILT_PRODUCTS_DIR; };
		73E238DC239D94AB00B13818 /* AppDelegate.swift */ = {isa = PBXFileReference; lastKnownFileType = sourcecode.swift; path = AppDelegate.swift; sourceTree = "<group>"; };
		73E238DE239D94AB00B13818 /* SignInVC.swift */ = {isa = PBXFileReference; lastKnownFileType = sourcecode.swift; path = SignInVC.swift; sourceTree = "<group>"; };
		73E238E1239D94AB00B13818 /* Base */ = {isa = PBXFileReference; lastKnownFileType = file.storyboard; name = Base; path = Base.lproj/Main.storyboard; sourceTree = "<group>"; };
		73E238E3239D94B000B13818 /* Assets.xcassets */ = {isa = PBXFileReference; lastKnownFileType = folder.assetcatalog; path = Assets.xcassets; sourceTree = "<group>"; };
		73E238E6239D94B000B13818 /* Base */ = {isa = PBXFileReference; lastKnownFileType = file.storyboard; name = Base; path = Base.lproj/LaunchScreen.storyboard; sourceTree = "<group>"; };
		73E238E8239D94B000B13818 /* Info.plist */ = {isa = PBXFileReference; lastKnownFileType = text.plist.xml; path = Info.plist; sourceTree = "<group>"; };
		73E238ED239D94B000B13818 /* PlayNowAppTests.xctest */ = {isa = PBXFileReference; explicitFileType = wrapper.cfbundle; includeInIndex = 0; path = PlayNowAppTests.xctest; sourceTree = BUILT_PRODUCTS_DIR; };
		73E238F1239D94B000B13818 /* PlayNowAppTests.swift */ = {isa = PBXFileReference; lastKnownFileType = sourcecode.swift; path = PlayNowAppTests.swift; sourceTree = "<group>"; };
		73E238F3239D94B000B13818 /* Info.plist */ = {isa = PBXFileReference; lastKnownFileType = text.plist.xml; path = Info.plist; sourceTree = "<group>"; };
		73E238F8239D94B000B13818 /* PlayNowAppUITests.xctest */ = {isa = PBXFileReference; explicitFileType = wrapper.cfbundle; includeInIndex = 0; path = PlayNowAppUITests.xctest; sourceTree = BUILT_PRODUCTS_DIR; };
		73E238FC239D94B000B13818 /* PlayNowAppUITests.swift */ = {isa = PBXFileReference; lastKnownFileType = sourcecode.swift; path = PlayNowAppUITests.swift; sourceTree = "<group>"; };
		73E238FE239D94B000B13818 /* Info.plist */ = {isa = PBXFileReference; lastKnownFileType = text.plist.xml; path = Info.plist; sourceTree = "<group>"; };
		73E2390A239D95D100B13818 /* GoogleService-Info.plist */ = {isa = PBXFileReference; fileEncoding = 4; lastKnownFileType = text.plist.xml; path = "GoogleService-Info.plist"; sourceTree = "<group>"; };
		76660F3839423E7FDDE69104 /* Pods-PlayNowApp.release.xcconfig */ = {isa = PBXFileReference; includeInIndex = 1; lastKnownFileType = text.xcconfig; name = "Pods-PlayNowApp.release.xcconfig"; path = "Target Support Files/Pods-PlayNowApp/Pods-PlayNowApp.release.xcconfig"; sourceTree = "<group>"; };
		90EB6DCFA071D43BC50C8F6D /* Pods-PlayNowAppTests.release.xcconfig */ = {isa = PBXFileReference; includeInIndex = 1; lastKnownFileType = text.xcconfig; name = "Pods-PlayNowAppTests.release.xcconfig"; path = "Target Support Files/Pods-PlayNowAppTests/Pods-PlayNowAppTests.release.xcconfig"; sourceTree = "<group>"; };
		BE2175B32720B5544265F231 /* Pods-PlayNowApp.debug.xcconfig */ = {isa = PBXFileReference; includeInIndex = 1; lastKnownFileType = text.xcconfig; name = "Pods-PlayNowApp.debug.xcconfig"; path = "Target Support Files/Pods-PlayNowApp/Pods-PlayNowApp.debug.xcconfig"; sourceTree = "<group>"; };
		DA1B333CB3C456097D4C711D /* Pods-PlayNowApp-PlayNowAppUITests.release.xcconfig */ = {isa = PBXFileReference; includeInIndex = 1; lastKnownFileType = text.xcconfig; name = "Pods-PlayNowApp-PlayNowAppUITests.release.xcconfig"; path = "Target Support Files/Pods-PlayNowApp-PlayNowAppUITests/Pods-PlayNowApp-PlayNowAppUITests.release.xcconfig"; sourceTree = "<group>"; };
		E10B92DC3F777C7201A4D4F2 /* Pods-PlayNowApp-PlayNowAppUITests.debug.xcconfig */ = {isa = PBXFileReference; includeInIndex = 1; lastKnownFileType = text.xcconfig; name = "Pods-PlayNowApp-PlayNowAppUITests.debug.xcconfig"; path = "Target Support Files/Pods-PlayNowApp-PlayNowAppUITests/Pods-PlayNowApp-PlayNowAppUITests.debug.xcconfig"; sourceTree = "<group>"; };
		EC360B7C55F7177F2FD53A3A /* Pods_PlayNowAppTests.framework */ = {isa = PBXFileReference; explicitFileType = wrapper.framework; includeInIndex = 0; path = Pods_PlayNowAppTests.framework; sourceTree = BUILT_PRODUCTS_DIR; };
/* End PBXFileReference section */

/* Begin PBXFrameworksBuildPhase section */
		73E238D6239D94AB00B13818 /* Frameworks */ = {
			isa = PBXFrameworksBuildPhase;
			buildActionMask = 2147483647;
			files = (
				78158139B802DC092B422148 /* Pods_PlayNowApp.framework in Frameworks */,
			);
			runOnlyForDeploymentPostprocessing = 0;
		};
		73E238EA239D94B000B13818 /* Frameworks */ = {
			isa = PBXFrameworksBuildPhase;
			buildActionMask = 2147483647;
			files = (
				68B0AE87D77DE03242801896 /* Pods_PlayNowAppTests.framework in Frameworks */,
			);
			runOnlyForDeploymentPostprocessing = 0;
		};
		73E238F5239D94B000B13818 /* Frameworks */ = {
			isa = PBXFrameworksBuildPhase;
			buildActionMask = 2147483647;
			files = (
				B193EB5F978FF9880F71A57E /* Pods_PlayNowApp_PlayNowAppUITests.framework in Frameworks */,
			);
			runOnlyForDeploymentPostprocessing = 0;
		};
/* End PBXFrameworksBuildPhase section */

/* Begin PBXGroup section */
		73E238D0239D94AB00B13818 = {
			isa = PBXGroup;
			children = (
				73E238DB239D94AB00B13818 /* PlayNowApp */,
				73E238F0239D94B000B13818 /* PlayNowAppTests */,
				73E238FB239D94B000B13818 /* PlayNowAppUITests */,
				73E238DA239D94AB00B13818 /* Products */,
				E789017AAB9E7483D3129929 /* Pods */,
				89DFCAE4965B1382FCC8336E /* Frameworks */,
			);
			sourceTree = "<group>";
		};
		73E238DA239D94AB00B13818 /* Products */ = {
			isa = PBXGroup;
			children = (
				73E238D9239D94AB00B13818 /* PlayNowApp.app */,
				73E238ED239D94B000B13818 /* PlayNowAppTests.xctest */,
				73E238F8239D94B000B13818 /* PlayNowAppUITests.xctest */,
			);
			name = Products;
			sourceTree = "<group>";
		};
		73E238DB239D94AB00B13818 /* PlayNowApp */ = {
			isa = PBXGroup;
			children = (
				73E2390C239D9F9400B13818 /* Model */,
				73E2390E239D9FAE00B13818 /* Controller */,
				73E2390D239D9FA200B13818 /* View */,
				73E238DC239D94AB00B13818 /* AppDelegate.swift */,
				73E238E0239D94AB00B13818 /* Main.storyboard */,
				73E238E3239D94B000B13818 /* Assets.xcassets */,
				73E238E5239D94B000B13818 /* LaunchScreen.storyboard */,
				73E238E8239D94B000B13818 /* Info.plist */,
				73E2390A239D95D100B13818 /* GoogleService-Info.plist */,
			);
			path = PlayNowApp;
			sourceTree = "<group>";
		};
		73E238F0239D94B000B13818 /* PlayNowAppTests */ = {
			isa = PBXGroup;
			children = (
				73E238F1239D94B000B13818 /* PlayNowAppTests.swift */,
				73E238F3239D94B000B13818 /* Info.plist */,
			);
			path = PlayNowAppTests;
			sourceTree = "<group>";
		};
		73E238FB239D94B000B13818 /* PlayNowAppUITests */ = {
			isa = PBXGroup;
			children = (
				73E238FC239D94B000B13818 /* PlayNowAppUITests.swift */,
				73E238FE239D94B000B13818 /* Info.plist */,
			);
			path = PlayNowAppUITests;
			sourceTree = "<group>";
		};
		73E2390C239D9F9400B13818 /* Model */ = {
			isa = PBXGroup;
			children = (
			);
			path = Model;
			sourceTree = "<group>";
		};
		73E2390D239D9FA200B13818 /* View */ = {
			isa = PBXGroup;
			children = (
			);
			path = View;
			sourceTree = "<group>";
		};
		73E2390E239D9FAE00B13818 /* Controller */ = {
			isa = PBXGroup;
			children = (
				73E238DE239D94AB00B13818 /* SignInVC.swift */,
			);
			path = Controller;
			sourceTree = "<group>";
		};
		89DFCAE4965B1382FCC8336E /* Frameworks */ = {
			isa = PBXGroup;
			children = (
				0E232A5E4865865431ABD82E /* Pods_PlayNowApp.framework */,
				15976D4AC87AE58EB4349D27 /* Pods_PlayNowApp_PlayNowAppUITests.framework */,
				EC360B7C55F7177F2FD53A3A /* Pods_PlayNowAppTests.framework */,
			);
			name = Frameworks;
			sourceTree = "<group>";
		};
		E789017AAB9E7483D3129929 /* Pods */ = {
			isa = PBXGroup;
			children = (
				BE2175B32720B5544265F231 /* Pods-PlayNowApp.debug.xcconfig */,
				76660F3839423E7FDDE69104 /* Pods-PlayNowApp.release.xcconfig */,
				E10B92DC3F777C7201A4D4F2 /* Pods-PlayNowApp-PlayNowAppUITests.debug.xcconfig */,
				DA1B333CB3C456097D4C711D /* Pods-PlayNowApp-PlayNowAppUITests.release.xcconfig */,
				68FCCBA18C22FA7F22F1BD02 /* Pods-PlayNowAppTests.debug.xcconfig */,
				90EB6DCFA071D43BC50C8F6D /* Pods-PlayNowAppTests.release.xcconfig */,
			);
			path = Pods;
			sourceTree = "<group>";
		};
/* End PBXGroup section */

/* Begin PBXNativeTarget section */
		73E238D8239D94AB00B13818 /* PlayNowApp */ = {
			isa = PBXNativeTarget;
			buildConfigurationList = 73E23901239D94B000B13818 /* Build configuration list for PBXNativeTarget "PlayNowApp" */;
			buildPhases = (
				530C7AF33272B69189C10928 /* [CP] Check Pods Manifest.lock */,
				73E238D5239D94AB00B13818 /* Sources */,
				73E238D6239D94AB00B13818 /* Frameworks */,
				73E238D7239D94AB00B13818 /* Resources */,
				6A84485859AA39927C286BA2 /* [CP] Embed Pods Frameworks */,
			);
			buildRules = (
			);
			dependencies = (
			);
			name = PlayNowApp;
			productName = PlayNowApp;
			productReference = 73E238D9239D94AB00B13818 /* PlayNowApp.app */;
			productType = "com.apple.product-type.application";
		};
		73E238EC239D94B000B13818 /* PlayNowAppTests */ = {
			isa = PBXNativeTarget;
			buildConfigurationList = 73E23904239D94B000B13818 /* Build configuration list for PBXNativeTarget "PlayNowAppTests" */;
			buildPhases = (
				6D2CC0E18342FDC7A3BD94B2 /* [CP] Check Pods Manifest.lock */,
				73E238E9239D94B000B13818 /* Sources */,
				73E238EA239D94B000B13818 /* Frameworks */,
				73E238EB239D94B000B13818 /* Resources */,
			);
			buildRules = (
			);
			dependencies = (
				73E238EF239D94B000B13818 /* PBXTargetDependency */,
			);
			name = PlayNowAppTests;
			productName = PlayNowAppTests;
			productReference = 73E238ED239D94B000B13818 /* PlayNowAppTests.xctest */;
			productType = "com.apple.product-type.bundle.unit-test";
		};
		73E238F7239D94B000B13818 /* PlayNowAppUITests */ = {
			isa = PBXNativeTarget;
			buildConfigurationList = 73E23907239D94B000B13818 /* Build configuration list for PBXNativeTarget "PlayNowAppUITests" */;
			buildPhases = (
				C40C50588653186A333905BA /* [CP] Check Pods Manifest.lock */,
				73E238F4239D94B000B13818 /* Sources */,
				73E238F5239D94B000B13818 /* Frameworks */,
				73E238F6239D94B000B13818 /* Resources */,
				8093A1B22E4EA3EC9898A1F3 /* [CP] Embed Pods Frameworks */,
			);
			buildRules = (
			);
			dependencies = (
				73E238FA239D94B000B13818 /* PBXTargetDependency */,
			);
			name = PlayNowAppUITests;
			productName = PlayNowAppUITests;
			productReference = 73E238F8239D94B000B13818 /* PlayNowAppUITests.xctest */;
			productType = "com.apple.product-type.bundle.ui-testing";
		};
/* End PBXNativeTarget section */

/* Begin PBXProject section */
		73E238D1239D94AB00B13818 /* Project object */ = {
			isa = PBXProject;
			attributes = {
				LastSwiftUpdateCheck = 1010;
				LastUpgradeCheck = 1010;
				ORGANIZATIONNAME = "Ben Stewart";
				TargetAttributes = {
					73E238D8239D94AB00B13818 = {
						CreatedOnToolsVersion = 10.1;
					};
					73E238EC239D94B000B13818 = {
						CreatedOnToolsVersion = 10.1;
						TestTargetID = 73E238D8239D94AB00B13818;
					};
					73E238F7239D94B000B13818 = {
						CreatedOnToolsVersion = 10.1;
						TestTargetID = 73E238D8239D94AB00B13818;
					};
				};
			};
			buildConfigurationList = 73E238D4239D94AB00B13818 /* Build configuration list for PBXProject "PlayNowApp" */;
			compatibilityVersion = "Xcode 9.3";
			developmentRegion = en;
			hasScannedForEncodings = 0;
			knownRegions = (
				en,
				Base,
			);
			mainGroup = 73E238D0239D94AB00B13818;
			productRefGroup = 73E238DA239D94AB00B13818 /* Products */;
			projectDirPath = "";
			projectRoot = "";
			targets = (
				73E238D8239D94AB00B13818 /* PlayNowApp */,
				73E238EC239D94B000B13818 /* PlayNowAppTests */,
				73E238F7239D94B000B13818 /* PlayNowAppUITests */,
			);
		};
/* End PBXProject section */

/* Begin PBXResourcesBuildPhase section */
		73E238D7239D94AB00B13818 /* Resources */ = {
			isa = PBXResourcesBuildPhase;
			buildActionMask = 2147483647;
			files = (
				73E238E7239D94B000B13818 /* LaunchScreen.storyboard in Resources */,
				73E2390B239D95D100B13818 /* GoogleService-Info.plist in Resources */,
				73E238E4239D94B000B13818 /* Assets.xcassets in Resources */,
				73E238E2239D94AB00B13818 /* Main.storyboard in Resources */,
			);
			runOnlyForDeploymentPostprocessing = 0;
		};
		73E238EB239D94B000B13818 /* Resources */ = {
			isa = PBXResourcesBuildPhase;
			buildActionMask = 2147483647;
			files = (
			);
			runOnlyForDeploymentPostprocessing = 0;
		};
		73E238F6239D94B000B13818 /* Resources */ = {
			isa = PBXResourcesBuildPhase;
			buildActionMask = 2147483647;
			files = (
			);
			runOnlyForDeploymentPostprocessing = 0;
		};
/* End PBXResourcesBuildPhase section */

/* Begin PBXShellScriptBuildPhase section */
		530C7AF33272B69189C10928 /* [CP] Check Pods Manifest.lock */ = {
			isa = PBXShellScriptBuildPhase;
			buildActionMask = 2147483647;
			files = (
			);
			inputFileListPaths = (
			);
			inputPaths = (
				"${PODS_PODFILE_DIR_PATH}/Podfile.lock",
				"${PODS_ROOT}/Manifest.lock",
			);
			name = "[CP] Check Pods Manifest.lock";
			outputFileListPaths = (
			);
			outputPaths = (
				"$(DERIVED_FILE_DIR)/Pods-PlayNowApp-checkManifestLockResult.txt",
			);
			runOnlyForDeploymentPostprocessing = 0;
			shellPath = /bin/sh;
			shellScript = "diff \"${PODS_PODFILE_DIR_PATH}/Podfile.lock\" \"${PODS_ROOT}/Manifest.lock\" > /dev/null\nif [ $? != 0 ] ; then\n    # print error to STDERR\n    echo \"error: The sandbox is not in sync with the Podfile.lock. Run 'pod install' or update your CocoaPods installation.\" >&2\n    exit 1\nfi\n# This output is used by Xcode 'outputs' to avoid re-running this script phase.\necho \"SUCCESS\" > \"${SCRIPT_OUTPUT_FILE_0}\"\n";
			showEnvVarsInLog = 0;
		};
		6A84485859AA39927C286BA2 /* [CP] Embed Pods Frameworks */ = {
			isa = PBXShellScriptBuildPhase;
			buildActionMask = 2147483647;
			files = (
			);
			inputFileListPaths = (
				"${PODS_ROOT}/Target Support Files/Pods-PlayNowApp/Pods-PlayNowApp-frameworks-${CONFIGURATION}-input-files.xcfilelist",
			);
			name = "[CP] Embed Pods Frameworks";
			outputFileListPaths = (
				"${PODS_ROOT}/Target Support Files/Pods-PlayNowApp/Pods-PlayNowApp-frameworks-${CONFIGURATION}-output-files.xcfilelist",
			);
			runOnlyForDeploymentPostprocessing = 0;
			shellPath = /bin/sh;
			shellScript = "\"${PODS_ROOT}/Target Support Files/Pods-PlayNowApp/Pods-PlayNowApp-frameworks.sh\"\n";
			showEnvVarsInLog = 0;
		};
		6D2CC0E18342FDC7A3BD94B2 /* [CP] Check Pods Manifest.lock */ = {
			isa = PBXShellScriptBuildPhase;
			buildActionMask = 2147483647;
			files = (
			);
			inputFileListPaths = (
			);
			inputPaths = (
				"${PODS_PODFILE_DIR_PATH}/Podfile.lock",
				"${PODS_ROOT}/Manifest.lock",
			);
			name = "[CP] Check Pods Manifest.lock";
			outputFileListPaths = (
			);
			outputPaths = (
				"$(DERIVED_FILE_DIR)/Pods-PlayNowAppTests-checkManifestLockResult.txt",
			);
			runOnlyForDeploymentPostprocessing = 0;
			shellPath = /bin/sh;
			shellScript = "diff \"${PODS_PODFILE_DIR_PATH}/Podfile.lock\" \"${PODS_ROOT}/Manifest.lock\" > /dev/null\nif [ $? != 0 ] ; then\n    # print error to STDERR\n    echo \"error: The sandbox is not in sync with the Podfile.lock. Run 'pod install' or update your CocoaPods installation.\" >&2\n    exit 1\nfi\n# This output is used by Xcode 'outputs' to avoid re-running this script phase.\necho \"SUCCESS\" > \"${SCRIPT_OUTPUT_FILE_0}\"\n";
			showEnvVarsInLog = 0;
		};
		8093A1B22E4EA3EC9898A1F3 /* [CP] Embed Pods Frameworks */ = {
			isa = PBXShellScriptBuildPhase;
			buildActionMask = 2147483647;
			files = (
			);
			inputFileListPaths = (
				"${PODS_ROOT}/Target Support Files/Pods-PlayNowApp-PlayNowAppUITests/Pods-PlayNowApp-PlayNowAppUITests-frameworks-${CONFIGURATION}-input-files.xcfilelist",
			);
			name = "[CP] Embed Pods Frameworks";
			outputFileListPaths = (
				"${PODS_ROOT}/Target Support Files/Pods-PlayNowApp-PlayNowAppUITests/Pods-PlayNowApp-PlayNowAppUITests-frameworks-${CONFIGURATION}-output-files.xcfilelist",
			);
			runOnlyForDeploymentPostprocessing = 0;
			shellPath = /bin/sh;
			shellScript = "\"${PODS_ROOT}/Target Support Files/Pods-PlayNowApp-PlayNowAppUITests/Pods-PlayNowApp-PlayNowAppUITests-frameworks.sh\"\n";
			showEnvVarsInLog = 0;
		};
		C40C50588653186A333905BA /* [CP] Check Pods Manifest.lock */ = {
			isa = PBXShellScriptBuildPhase;
			buildActionMask = 2147483647;
			files = (
			);
			inputFileListPaths = (
			);
			inputPaths = (
				"${PODS_PODFILE_DIR_PATH}/Podfile.lock",
				"${PODS_ROOT}/Manifest.lock",
			);
			name = "[CP] Check Pods Manifest.lock";
			outputFileListPaths = (
			);
			outputPaths = (
				"$(DERIVED_FILE_DIR)/Pods-PlayNowApp-PlayNowAppUITests-checkManifestLockResult.txt",
			);
			runOnlyForDeploymentPostprocessing = 0;
			shellPath = /bin/sh;
			shellScript = "diff \"${PODS_PODFILE_DIR_PATH}/Podfile.lock\" \"${PODS_ROOT}/Manifest.lock\" > /dev/null\nif [ $? != 0 ] ; then\n    # print error to STDERR\n    echo \"error: The sandbox is not in sync with the Podfile.lock. Run 'pod install' or update your CocoaPods installation.\" >&2\n    exit 1\nfi\n# This output is used by Xcode 'outputs' to avoid re-running this script phase.\necho \"SUCCESS\" > \"${SCRIPT_OUTPUT_FILE_0}\"\n";
			showEnvVarsInLog = 0;
		};
/* End PBXShellScriptBuildPhase section */

/* Begin PBXSourcesBuildPhase section */
		73E238D5239D94AB00B13818 /* Sources */ = {
			isa = PBXSourcesBuildPhase;
			buildActionMask = 2147483647;
			files = (
				73E238DF239D94AB00B13818 /* SignInVC.swift in Sources */,
				73E238DD239D94AB00B13818 /* AppDelegate.swift in Sources */,
			);
			runOnlyForDeploymentPostprocessing = 0;
		};
		73E238E9239D94B000B13818 /* Sources */ = {
			isa = PBXSourcesBuildPhase;
			buildActionMask = 2147483647;
			files = (
				73E238F2239D94B000B13818 /* PlayNowAppTests.swift in Sources */,
			);
			runOnlyForDeploymentPostprocessing = 0;
		};
		73E238F4239D94B000B13818 /* Sources */ = {
			isa = PBXSourcesBuildPhase;
			buildActionMask = 2147483647;
			files = (
				73E238FD239D94B000B13818 /* PlayNowAppUITests.swift in Sources */,
			);
			runOnlyForDeploymentPostprocessing = 0;
		};
/* End PBXSourcesBuildPhase section */

/* Begin PBXTargetDependency section */
		73E238EF239D94B000B13818 /* PBXTargetDependency */ = {
			isa = PBXTargetDependency;
			target = 73E238D8239D94AB00B13818 /* PlayNowApp */;
			targetProxy = 73E238EE239D94B000B13818 /* PBXContainerItemProxy */;
		};
		73E238FA239D94B000B13818 /* PBXTargetDependency */ = {
			isa = PBXTargetDependency;
			target = 73E238D8239D94AB00B13818 /* PlayNowApp */;
			targetProxy = 73E238F9239D94B000B13818 /* PBXContainerItemProxy */;
		};
/* End PBXTargetDependency section */

/* Begin PBXVariantGroup section */
		73E238E0239D94AB00B13818 /* Main.storyboard */ = {
			isa = PBXVariantGroup;
			children = (
				73E238E1239D94AB00B13818 /* Base */,
			);
			name = Main.storyboard;
			sourceTree = "<group>";
		};
		73E238E5239D94B000B13818 /* LaunchScreen.storyboard */ = {
			isa = PBXVariantGroup;
			children = (
				73E238E6239D94B000B13818 /* Base */,
			);
			name = LaunchScreen.storyboard;
			sourceTree = "<group>";
		};
/* End PBXVariantGroup section */

/* Begin XCBuildConfiguration section */
		73E238FF239D94B000B13818 /* Debug */ = {
			isa = XCBuildConfiguration;
			buildSettings = {
				ALWAYS_SEARCH_USER_PATHS = NO;
				CLANG_ANALYZER_NONNULL = YES;
				CLANG_ANALYZER_NUMBER_OBJECT_CONVERSION = YES_AGGRESSIVE;
				CLANG_CXX_LANGUAGE_STANDARD = "gnu++14";
				CLANG_CXX_LIBRARY = "libc++";
				CLANG_ENABLE_MODULES = YES;
				CLANG_ENABLE_OBJC_ARC = YES;
				CLANG_ENABLE_OBJC_WEAK = YES;
				CLANG_WARN_BLOCK_CAPTURE_AUTORELEASING = YES;
				CLANG_WARN_BOOL_CONVERSION = YES;
				CLANG_WARN_COMMA = YES;
				CLANG_WARN_CONSTANT_CONVERSION = YES;
				CLANG_WARN_DEPRECATED_OBJC_IMPLEMENTATIONS = YES;
				CLANG_WARN_DIRECT_OBJC_ISA_USAGE = YES_ERROR;
				CLANG_WARN_DOCUMENTATION_COMMENTS = YES;
				CLANG_WARN_EMPTY_BODY = YES;
				CLANG_WARN_ENUM_CONVERSION = YES;
				CLANG_WARN_INFINITE_RECURSION = YES;
				CLANG_WARN_INT_CONVERSION = YES;
				CLANG_WARN_NON_LITERAL_NULL_CONVERSION = YES;
				CLANG_WARN_OBJC_IMPLICIT_RETAIN_SELF = YES;
				CLANG_WARN_OBJC_LITERAL_CONVERSION = YES;
				CLANG_WARN_OBJC_ROOT_CLASS = YES_ERROR;
				CLANG_WARN_RANGE_LOOP_ANALYSIS = YES;
				CLANG_WARN_STRICT_PROTOTYPES = YES;
				CLANG_WARN_SUSPICIOUS_MOVE = YES;
				CLANG_WARN_UNGUARDED_AVAILABILITY = YES_AGGRESSIVE;
				CLANG_WARN_UNREACHABLE_CODE = YES;
				CLANG_WARN__DUPLICATE_METHOD_MATCH = YES;
				CODE_SIGN_IDENTITY = "iPhone Developer";
				COPY_PHASE_STRIP = NO;
				DEBUG_INFORMATION_FORMAT = dwarf;
				ENABLE_STRICT_OBJC_MSGSEND = YES;
				ENABLE_TESTABILITY = YES;
				GCC_C_LANGUAGE_STANDARD = gnu11;
				GCC_DYNAMIC_NO_PIC = NO;
				GCC_NO_COMMON_BLOCKS = YES;
				GCC_OPTIMIZATION_LEVEL = 0;
				GCC_PREPROCESSOR_DEFINITIONS = (
					"DEBUG=1",
					"$(inherited)",
				);
				GCC_WARN_64_TO_32_BIT_CONVERSION = YES;
				GCC_WARN_ABOUT_RETURN_TYPE = YES_ERROR;
				GCC_WARN_UNDECLARED_SELECTOR = YES;
				GCC_WARN_UNINITIALIZED_AUTOS = YES_AGGRESSIVE;
				GCC_WARN_UNUSED_FUNCTION = YES;
				GCC_WARN_UNUSED_VARIABLE = YES;
				IPHONEOS_DEPLOYMENT_TARGET = 12.1;
				MTL_ENABLE_DEBUG_INFO = INCLUDE_SOURCE;
				MTL_FAST_MATH = YES;
				ONLY_ACTIVE_ARCH = YES;
				SDKROOT = iphoneos;
				SWIFT_ACTIVE_COMPILATION_CONDITIONS = DEBUG;
				SWIFT_OPTIMIZATION_LEVEL = "-Onone";
			};
			name = Debug;
		};
		73E23900239D94B000B13818 /* Release */ = {
			isa = XCBuildConfiguration;
			buildSettings = {
				ALWAYS_SEARCH_USER_PATHS = NO;
				CLANG_ANALYZER_NONNULL = YES;
				CLANG_ANALYZER_NUMBER_OBJECT_CONVERSION = YES_AGGRESSIVE;
				CLANG_CXX_LANGUAGE_STANDARD = "gnu++14";
				CLANG_CXX_LIBRARY = "libc++";
				CLANG_ENABLE_MODULES = YES;
				CLANG_ENABLE_OBJC_ARC = YES;
				CLANG_ENABLE_OBJC_WEAK = YES;
				CLANG_WARN_BLOCK_CAPTURE_AUTORELEASING = YES;
				CLANG_WARN_BOOL_CONVERSION = YES;
				CLANG_WARN_COMMA = YES;
				CLANG_WARN_CONSTANT_CONVERSION = YES;
				CLANG_WARN_DEPRECATED_OBJC_IMPLEMENTATIONS = YES;
				CLANG_WARN_DIRECT_OBJC_ISA_USAGE = YES_ERROR;
				CLANG_WARN_DOCUMENTATION_COMMENTS = YES;
				CLANG_WARN_EMPTY_BODY = YES;
				CLANG_WARN_ENUM_CONVERSION = YES;
				CLANG_WARN_INFINITE_RECURSION = YES;
				CLANG_WARN_INT_CONVERSION = YES;
				CLANG_WARN_NON_LITERAL_NULL_CONVERSION = YES;
				CLANG_WARN_OBJC_IMPLICIT_RETAIN_SELF = YES;
				CLANG_WARN_OBJC_LITERAL_CONVERSION = YES;
				CLANG_WARN_OBJC_ROOT_CLASS = YES_ERROR;
				CLANG_WARN_RANGE_LOOP_ANALYSIS = YES;
				CLANG_WARN_STRICT_PROTOTYPES = YES;
				CLANG_WARN_SUSPICIOUS_MOVE = YES;
				CLANG_WARN_UNGUARDED_AVAILABILITY = YES_AGGRESSIVE;
				CLANG_WARN_UNREACHABLE_CODE = YES;
				CLANG_WARN__DUPLICATE_METHOD_MATCH = YES;
				CODE_SIGN_IDENTITY = "iPhone Developer";
				COPY_PHASE_STRIP = NO;
				DEBUG_INFORMATION_FORMAT = "dwarf-with-dsym";
				ENABLE_NS_ASSERTIONS = NO;
				ENABLE_STRICT_OBJC_MSGSEND = YES;
				GCC_C_LANGUAGE_STANDARD = gnu11;
				GCC_NO_COMMON_BLOCKS = YES;
				GCC_WARN_64_TO_32_BIT_CONVERSION = YES;
				GCC_WARN_ABOUT_RETURN_TYPE = YES_ERROR;
				GCC_WARN_UNDECLARED_SELECTOR = YES;
				GCC_WARN_UNINITIALIZED_AUTOS = YES_AGGRESSIVE;
				GCC_WARN_UNUSED_FUNCTION = YES;
				GCC_WARN_UNUSED_VARIABLE = YES;
				IPHONEOS_DEPLOYMENT_TARGET = 12.1;
				MTL_ENABLE_DEBUG_INFO = NO;
				MTL_FAST_MATH = YES;
				SDKROOT = iphoneos;
				SWIFT_COMPILATION_MODE = wholemodule;
				SWIFT_OPTIMIZATION_LEVEL = "-O";
				VALIDATE_PRODUCT = YES;
			};
			name = Release;
		};
		73E23902239D94B000B13818 /* Debug */ = {
			isa = XCBuildConfiguration;
			baseConfigurationReference = BE2175B32720B5544265F231 /* Pods-PlayNowApp.debug.xcconfig */;
			buildSettings = {
				ASSETCATALOG_COMPILER_APPICON_NAME = AppIcon;
				CODE_SIGN_STYLE = Automatic;
				INFOPLIST_FILE = PlayNowApp/Info.plist;
				LD_RUNPATH_SEARCH_PATHS = (
					"$(inherited)",
					"@executable_path/Frameworks",
				);
				PRODUCT_BUNDLE_IDENTIFIER = com.BenStewart.PlayNowApp;
				PRODUCT_NAME = "$(TARGET_NAME)";
				SWIFT_VERSION = 4.2;
				TARGETED_DEVICE_FAMILY = "1,2";
			};
			name = Debug;
		};
		73E23903239D94B000B13818 /* Release */ = {
			isa = XCBuildConfiguration;
			baseConfigurationReference = 76660F3839423E7FDDE69104 /* Pods-PlayNowApp.release.xcconfig */;
			buildSettings = {
				ASSETCATALOG_COMPILER_APPICON_NAME = AppIcon;
				CODE_SIGN_STYLE = Automatic;
				INFOPLIST_FILE = PlayNowApp/Info.plist;
				LD_RUNPATH_SEARCH_PATHS = (
					"$(inherited)",
					"@executable_path/Frameworks",
				);
				PRODUCT_BUNDLE_IDENTIFIER = com.BenStewart.PlayNowApp;
				PRODUCT_NAME = "$(TARGET_NAME)";
				SWIFT_VERSION = 4.2;
				TARGETED_DEVICE_FAMILY = "1,2";
			};
			name = Release;
		};
		73E23905239D94B000B13818 /* Debug */ = {
			isa = XCBuildConfiguration;
			baseConfigurationReference = 68FCCBA18C22FA7F22F1BD02 /* Pods-PlayNowAppTests.debug.xcconfig */;
			buildSettings = {
				ALWAYS_EMBED_SWIFT_STANDARD_LIBRARIES = YES;
				BUNDLE_LOADER = "$(TEST_HOST)";
				CODE_SIGN_STYLE = Automatic;
				INFOPLIST_FILE = PlayNowAppTests/Info.plist;
				LD_RUNPATH_SEARCH_PATHS = (
					"$(inherited)",
					"@executable_path/Frameworks",
					"@loader_path/Frameworks",
				);
				PRODUCT_BUNDLE_IDENTIFIER = com.BenStewart.PlayNowAppTests;
				PRODUCT_NAME = "$(TARGET_NAME)";
				SWIFT_VERSION = 4.2;
				TARGETED_DEVICE_FAMILY = "1,2";
				TEST_HOST = "$(BUILT_PRODUCTS_DIR)/PlayNowApp.app/PlayNowApp";
			};
			name = Debug;
		};
		73E23906239D94B000B13818 /* Release */ = {
			isa = XCBuildConfiguration;
			baseConfigurationReference = 90EB6DCFA071D43BC50C8F6D /* Pods-PlayNowAppTests.release.xcconfig */;
			buildSettings = {
				ALWAYS_EMBED_SWIFT_STANDARD_LIBRARIES = YES;
				BUNDLE_LOADER = "$(TEST_HOST)";
				CODE_SIGN_STYLE = Automatic;
				INFOPLIST_FILE = PlayNowAppTests/Info.plist;
				LD_RUNPATH_SEARCH_PATHS = (
					"$(inherited)",
					"@executable_path/Frameworks",
					"@loader_path/Frameworks",
				);
				PRODUCT_BUNDLE_IDENTIFIER = com.BenStewart.PlayNowAppTests;
				PRODUCT_NAME = "$(TARGET_NAME)";
				SWIFT_VERSION = 4.2;
				TARGETED_DEVICE_FAMILY = "1,2";
				TEST_HOST = "$(BUILT_PRODUCTS_DIR)/PlayNowApp.app/PlayNowApp";
			};
			name = Release;
		};
		73E23908239D94B000B13818 /* Debug */ = {
			isa = XCBuildConfiguration;
			baseConfigurationReference = E10B92DC3F777C7201A4D4F2 /* Pods-PlayNowApp-PlayNowAppUITests.debug.xcconfig */;
			buildSettings = {
				ALWAYS_EMBED_SWIFT_STANDARD_LIBRARIES = YES;
				CODE_SIGN_STYLE = Automatic;
				INFOPLIST_FILE = PlayNowAppUITests/Info.plist;
				LD_RUNPATH_SEARCH_PATHS = (
					"$(inherited)",
					"@executable_path/Frameworks",
					"@loader_path/Frameworks",
				);
				PRODUCT_BUNDLE_IDENTIFIER = com.BenStewart.PlayNowAppUITests;
				PRODUCT_NAME = "$(TARGET_NAME)";
				SWIFT_VERSION = 4.2;
				TARGETED_DEVICE_FAMILY = "1,2";
				TEST_TARGET_NAME = PlayNowApp;
			};
			name = Debug;
		};
		73E23909239D94B000B13818 /* Release */ = {
			isa = XCBuildConfiguration;
			baseConfigurationReference = DA1B333CB3C456097D4C711D /* Pods-PlayNowApp-PlayNowAppUITests.release.xcconfig */;
			buildSettings = {
				ALWAYS_EMBED_SWIFT_STANDARD_LIBRARIES = YES;
				CODE_SIGN_STYLE = Automatic;
				INFOPLIST_FILE = PlayNowAppUITests/Info.plist;
				LD_RUNPATH_SEARCH_PATHS = (
					"$(inherited)",
					"@executable_path/Frameworks",
					"@loader_path/Frameworks",
				);
				PRODUCT_BUNDLE_IDENTIFIER = com.BenStewart.PlayNowAppUITests;
				PRODUCT_NAME = "$(TARGET_NAME)";
				SWIFT_VERSION = 4.2;
				TARGETED_DEVICE_FAMILY = "1,2";
				TEST_TARGET_NAME = PlayNowApp;
			};
			name = Release;
		};
/* End XCBuildConfiguration section */

/* Begin XCConfigurationList section */
		73E238D4239D94AB00B13818 /* Build configuration list for PBXProject "PlayNowApp" */ = {
			isa = XCConfigurationList;
			buildConfigurations = (
				73E238FF239D94B000B13818 /* Debug */,
				73E23900239D94B000B13818 /* Release */,
			);
			defaultConfigurationIsVisible = 0;
			defaultConfigurationName = Release;
		};
		73E23901239D94B000B13818 /* Build configuration list for PBXNativeTarget "PlayNowApp" */ = {
			isa = XCConfigurationList;
			buildConfigurations = (
				73E23902239D94B000B13818 /* Debug */,
				73E23903239D94B000B13818 /* Release */,
			);
			defaultConfigurationIsVisible = 0;
			defaultConfigurationName = Release;
		};
		73E23904239D94B000B13818 /* Build configuration list for PBXNativeTarget "PlayNowAppTests" */ = {
			isa = XCConfigurationList;
			buildConfigurations = (
				73E23905239D94B000B13818 /* Debug */,
				73E23906239D94B000B13818 /* Release */,
			);
			defaultConfigurationIsVisible = 0;
			defaultConfigurationName = Release;
		};
		73E23907239D94B000B13818 /* Build configuration list for PBXNativeTarget "PlayNowAppUITests" */ = {
			isa = XCConfigurationList;
			buildConfigurations = (
				73E23908239D94B000B13818 /* Debug */,
				73E23909239D94B000B13818 /* Release */,
			);
			defaultConfigurationIsVisible = 0;
			defaultConfigurationName = Release;
		};
/* End XCConfigurationList section */
	};
	rootObject = 73E238D1239D94AB00B13818 /* Project object */;
}
